
Microsoft Visual Studio Solution File, Format Version 12.00
# Visual Studio Version 16
VisualStudioVersion = 16.0.29613.14
MinimumVisualStudioVersion = 10.0.40219.1
Project("{9A19103F-16F7-4668-BE54-9A1E7A4F7556}") = "AvespoirTest.Test", "AvespoirTest.Test\AvespoirTest.Test.csproj", "{ACA4165C-A917-4BAC-9594-0CA14EFAE46B}"
EndProject
Project("{9A19103F-16F7-4668-BE54-9A1E7A4F7556}") = "AvespoirTest.Core", "AvespoirTest.Core\AvespoirTest.Core.csproj", "{D6C6B60E-F056-425B-9AD9-54D160F6AC88}"
EndProject
Project("{2150E333-8FDC-42A3-9474-1A3956D46DE8}") = "Solution Items", "Solution Items", "{8D5E981B-6DC2-4671-8A04-055C709DBED6}"
	ProjectSection(SolutionItems) = preProject
		.gitignore = .gitignore
	EndProjectSection
EndProject
Global
	GlobalSection(SolutionConfigurationPlatforms) = preSolution
		Debug|Any CPU = Debug|Any CPU
		Debug|x64 = Debug|x64
		Debug|x86 = Debug|x86
		Release|Any CPU = Release|Any CPU
		Release|x64 = Release|x64
		Release|x86 = Release|x86
	EndGlobalSection
	GlobalSection(ProjectConfigurationPlatforms) = postSolution
		{ACA4165C-A917-4BAC-9594-0CA14EFAE46B}.Debug|Any CPU.ActiveCfg = Debug|Any CPU
		{ACA4165C-A917-4BAC-9594-0CA14EFAE46B}.Debug|Any CPU.Build.0 = Debug|Any CPU
		{ACA4165C-A917-4BAC-9594-0CA14EFAE46B}.Debug|x64.ActiveCfg = Debug|x64
		{ACA4165C-A917-4BAC-9594-0CA14EFAE46B}.Debug|x64.Build.0 = Debug|x64
		{ACA4165C-A917-4BAC-9594-0CA14EFAE46B}.Debug|x86.ActiveCfg = Debug|x86
		{ACA4165C-A917-4BAC-9594-0CA14EFAE46B}.Debug|x86.Build.0 = Debug|x86
		{ACA4165C-A917-4BAC-9594-0CA14EFAE46B}.Release|Any CPU.ActiveCfg = Release|Any CPU
		{ACA4165C-A917-4BAC-9594-0CA14EFAE46B}.Release|Any CPU.Build.0 = Release|Any CPU
		{ACA4165C-A917-4BAC-9594-0CA14EFAE46B}.Release|x64.ActiveCfg = Release|x64
		{ACA4165C-A917-4BAC-9594-0CA14EFAE46B}.Release|x64.Build.0 = Release|x64
		{ACA4165C-A917-4BAC-9594-0CA14EFAE46B}.Release|x86.ActiveCfg = Release|x86
		{ACA4165C-A917-4BAC-9594-0CA14EFAE46B}.Release|x86.Build.0 = Release|x86
		{D6C6B60E-F056-425B-9AD9-54D160F6AC88}.Debug|Any CPU.ActiveCfg = Debug|Any CPU
		{D6C6B60E-F056-425B-9AD9-54D160F6AC88}.Debug|Any CPU.Build.0 = Debug|Any CPU
		{D6C6B60E-F056-425B-9AD9-54D160F6AC88}.Debug|x64.ActiveCfg = Debug|x64
		{D6C6B60E-F056-425B-9AD9-54D160F6AC88}.Debug|x64.Build.0 = Debug|x64
		{D6C6B60E-F056-425B-9AD9-54D160F6AC88}.Debug|x86.ActiveCfg = Debug|x86
		{D6C6B60E-F056-425B-9AD9-54D160F6AC88}.Debug|x86.Build.0 = Debug|x86
		{D6C6B60E-F056-425B-9AD9-54D160F6AC88}.Release|Any CPU.ActiveCfg = Release|Any CPU
		{D6C6B60E-F056-425B-9AD9-54D160F6AC88}.Release|Any CPU.Build.0 = Release|Any CPU
		{D6C6B60E-F056-425B-9AD9-54D160F6AC88}.Release|x64.ActiveCfg = Release|x64
		{D6C6B60E-F056-425B-9AD9-54D160F6AC88}.Release|x64.Build.0 = Release|x64
		{D6C6B60E-F056-425B-9AD9-54D160F6AC88}.Release|x86.ActiveCfg = Release|x86
		{D6C6B60E-F056-425B-9AD9-54D160F6AC88}.Release|x86.Build.0 = Release|x86
	EndGlobalSection
	GlobalSection(SolutionProperties) = preSolution
		HideSolutionNode = FALSE
	EndGlobalSection
	GlobalSection(ExtensibilityGlobals) = postSolution
		SolutionGuid = {F3580E31-89BA-4E28-B03D-F7D6ABEC48C3}
	EndGlobalSection
EndGlobal
